// !$*UTF8*$!
{
	archiveVersion = 1;
	classes = {
	};
	objectVersion = 55;
	objects = {

/* Begin PBXBuildFile section */
		960A559729B29DC600F5CC37 /* PlayHover.swift in Sources */ = {isa = PBXBuildFile; fileRef = 960A559629B29DC600F5CC37 /* PlayHover.swift */; };
		960A559929B2A50100F5CC37 /* LauncherEditView.swift in Sources */ = {isa = PBXBuildFile; fileRef = 960A559829B2A50100F5CC37 /* LauncherEditView.swift */; };
		960D46F627D6850D0056E393 /* BuildingSteps.swift in Sources */ = {isa = PBXBuildFile; fileRef = 960D46F527D6850D0056E393 /* BuildingSteps.swift */; };
		963F238327F8B211004E010E /* LauncherView.swift in Sources */ = {isa = PBXBuildFile; fileRef = 963F238227F8B211004E010E /* LauncherView.swift */; };
		963F238627F8B942004E010E /* DataStore.xcdatamodeld in Sources */ = {isa = PBXBuildFile; fileRef = 963F238427F8B942004E010E /* DataStore.xcdatamodeld */; };
		963F238827F8BA01004E010E /* DataController.swift in Sources */ = {isa = PBXBuildFile; fileRef = 963F238727F8BA01004E010E /* DataController.swift */; };
		9669DC5C27D5565000DE5FAB /* sm_osxApp.swift in Sources */ = {isa = PBXBuildFile; fileRef = 9669DC5B27D5565000DE5FAB /* sm_osxApp.swift */; };
		9669DC6027D5565100DE5FAB /* Assets.xcassets in Resources */ = {isa = PBXBuildFile; fileRef = 9669DC5F27D5565100DE5FAB /* Assets.xcassets */; };
		9669DC6327D5565100DE5FAB /* Preview Assets.xcassets in Resources */ = {isa = PBXBuildFile; fileRef = 9669DC6227D5565100DE5FAB /* Preview Assets.xcassets */; };
		9669DC6B27D5581F00DE5FAB /* Repos.swift in Sources */ = {isa = PBXBuildFile; fileRef = 9669DC6A27D5581F00DE5FAB /* Repos.swift */; };
		9669DC6D27D55CD200DE5FAB /* Patches.swift in Sources */ = {isa = PBXBuildFile; fileRef = 9669DC6C27D55CD200DE5FAB /* Patches.swift */; };
		9669DC6F27D55D5300DE5FAB /* PatchesView.swift in Sources */ = {isa = PBXBuildFile; fileRef = 9669DC6E27D55D5300DE5FAB /* PatchesView.swift */; };
		9669DC7127D55F4700DE5FAB /* RomView.swift in Sources */ = {isa = PBXBuildFile; fileRef = 9669DC7027D55F4700DE5FAB /* RomView.swift */; };
		96A3D83A29B52328007AF78A /* ImagePicker.swift in Sources */ = {isa = PBXBuildFile; fileRef = 96A3D83929B52328007AF78A /* ImagePicker.swift */; };
		96AC85B1286670B800CCFF58 /* MenuBarCommands.swift in Sources */ = {isa = PBXBuildFile; fileRef = 96AC85B0286670B800CCFF58 /* MenuBarCommands.swift */; };
		96BB22E327E274F700057915 /* RepoView.swift in Sources */ = {isa = PBXBuildFile; fileRef = 96BB22E227E274F700057915 /* RepoView.swift */; };
		96BDA2F3283D216500A4DFF3 /* General View.swift in Sources */ = {isa = PBXBuildFile; fileRef = 96BDA2F2283D216500A4DFF3 /* General View.swift */; };
		96BDA2F5283D221700A4DFF3 /* DeveloperView.swift in Sources */ = {isa = PBXBuildFile; fileRef = 96BDA2F4283D221700A4DFF3 /* DeveloperView.swift */; };
		96BDA2F7283D283200A4DFF3 /* CrashView.swift in Sources */ = {isa = PBXBuildFile; fileRef = 96BDA2F6283D283200A4DFF3 /* CrashView.swift */; };
		96BDA2F9283D29E300A4DFF3 /* LogView.swift in Sources */ = {isa = PBXBuildFile; fileRef = 96BDA2F8283D29E300A4DFF3 /* LogView.swift */; };
		96BEADAE2839986200FF72E3 /* CompilationView.swift in Sources */ = {isa = PBXBuildFile; fileRef = 96BEADAD2839986200FF72E3 /* CompilationView.swift */; };
		96C54E6D285930D7003B4A2D /* GlobalFunctions.swift in Sources */ = {isa = PBXBuildFile; fileRef = 96C54E6C285930D7003B4A2D /* GlobalFunctions.swift */; };
		96CF3D4227DBD8C7008A26F5 /* CompilationSpeed.swift in Sources */ = {isa = PBXBuildFile; fileRef = 96CF3D4127DBD8C7008A26F5 /* CompilationSpeed.swift */; };
		96DE71D327EB9C170090E7A0 /* SettingsView.swift in Sources */ = {isa = PBXBuildFile; fileRef = 96DE71D227EB9C170090E7A0 /* SettingsView.swift */; };
/* End PBXBuildFile section */

/* Begin PBXFileReference section */
		960A559629B29DC600F5CC37 /* PlayHover.swift */ = {isa = PBXFileReference; lastKnownFileType = sourcecode.swift; path = PlayHover.swift; sourceTree = "<group>"; };
		960A559829B2A50100F5CC37 /* LauncherEditView.swift */ = {isa = PBXFileReference; lastKnownFileType = sourcecode.swift; path = LauncherEditView.swift; sourceTree = "<group>"; };
		960D46F527D6850D0056E393 /* BuildingSteps.swift */ = {isa = PBXFileReference; lastKnownFileType = sourcecode.swift; path = BuildingSteps.swift; sourceTree = "<group>"; };
		963F238227F8B211004E010E /* LauncherView.swift */ = {isa = PBXFileReference; lastKnownFileType = sourcecode.swift; path = LauncherView.swift; sourceTree = "<group>"; };
		963F238527F8B942004E010E /* DataStore.xcdatamodel */ = {isa = PBXFileReference; lastKnownFileType = wrapper.xcdatamodel; path = DataStore.xcdatamodel; sourceTree = "<group>"; };
		963F238727F8BA01004E010E /* DataController.swift */ = {isa = PBXFileReference; lastKnownFileType = sourcecode.swift; path = DataController.swift; sourceTree = "<group>"; };
		9669DC5827D5565000DE5FAB /* sm_osx.app */ = {isa = PBXFileReference; explicitFileType = wrapper.application; includeInIndex = 0; path = sm_osx.app; sourceTree = BUILT_PRODUCTS_DIR; };
		9669DC5B27D5565000DE5FAB /* sm_osxApp.swift */ = {isa = PBXFileReference; lastKnownFileType = sourcecode.swift; path = sm_osxApp.swift; sourceTree = "<group>"; };
		9669DC5F27D5565100DE5FAB /* Assets.xcassets */ = {isa = PBXFileReference; lastKnownFileType = folder.assetcatalog; path = Assets.xcassets; sourceTree = "<group>"; };
		9669DC6227D5565100DE5FAB /* Preview Assets.xcassets */ = {isa = PBXFileReference; lastKnownFileType = folder.assetcatalog; path = "Preview Assets.xcassets"; sourceTree = "<group>"; };
		9669DC6427D5565100DE5FAB /* sm_osx.entitlements */ = {isa = PBXFileReference; lastKnownFileType = text.plist.entitlements; path = sm_osx.entitlements; sourceTree = "<group>"; };
		9669DC6A27D5581F00DE5FAB /* Repos.swift */ = {isa = PBXFileReference; lastKnownFileType = sourcecode.swift; path = Repos.swift; sourceTree = "<group>"; };
		9669DC6C27D55CD200DE5FAB /* Patches.swift */ = {isa = PBXFileReference; lastKnownFileType = sourcecode.swift; path = Patches.swift; sourceTree = "<group>"; };
		9669DC6E27D55D5300DE5FAB /* PatchesView.swift */ = {isa = PBXFileReference; lastKnownFileType = sourcecode.swift; path = PatchesView.swift; sourceTree = "<group>"; };
		9669DC7027D55F4700DE5FAB /* RomView.swift */ = {isa = PBXFileReference; lastKnownFileType = sourcecode.swift; path = RomView.swift; sourceTree = "<group>"; };
		96A3D83929B52328007AF78A /* ImagePicker.swift */ = {isa = PBXFileReference; lastKnownFileType = sourcecode.swift; path = ImagePicker.swift; sourceTree = "<group>"; };
		96AC85B0286670B800CCFF58 /* MenuBarCommands.swift */ = {isa = PBXFileReference; lastKnownFileType = sourcecode.swift; path = MenuBarCommands.swift; sourceTree = "<group>"; };
		96BB22E227E274F700057915 /* RepoView.swift */ = {isa = PBXFileReference; lastKnownFileType = sourcecode.swift; path = RepoView.swift; sourceTree = "<group>"; };
		96BDA2F2283D216500A4DFF3 /* General View.swift */ = {isa = PBXFileReference; lastKnownFileType = sourcecode.swift; path = "General View.swift"; sourceTree = "<group>"; };
		96BDA2F4283D221700A4DFF3 /* DeveloperView.swift */ = {isa = PBXFileReference; lastKnownFileType = sourcecode.swift; path = DeveloperView.swift; sourceTree = "<group>"; };
		96BDA2F6283D283200A4DFF3 /* CrashView.swift */ = {isa = PBXFileReference; lastKnownFileType = sourcecode.swift; path = CrashView.swift; sourceTree = "<group>"; };
		96BDA2F8283D29E300A4DFF3 /* LogView.swift */ = {isa = PBXFileReference; lastKnownFileType = sourcecode.swift; path = LogView.swift; sourceTree = "<group>"; };
		96BEADAD2839986200FF72E3 /* CompilationView.swift */ = {isa = PBXFileReference; lastKnownFileType = sourcecode.swift; path = CompilationView.swift; sourceTree = "<group>"; };
		96C54E6C285930D7003B4A2D /* GlobalFunctions.swift */ = {isa = PBXFileReference; lastKnownFileType = sourcecode.swift; path = GlobalFunctions.swift; sourceTree = "<group>"; };
		96CF3D4127DBD8C7008A26F5 /* CompilationSpeed.swift */ = {isa = PBXFileReference; lastKnownFileType = sourcecode.swift; path = CompilationSpeed.swift; sourceTree = "<group>"; };
		96DE71D227EB9C170090E7A0 /* SettingsView.swift */ = {isa = PBXFileReference; lastKnownFileType = sourcecode.swift; path = SettingsView.swift; sourceTree = "<group>"; };
		96DE71D427EB9C7D0090E7A0 /* sm-osx-Info.plist */ = {isa = PBXFileReference; lastKnownFileType = text.plist; path = "sm-osx-Info.plist"; sourceTree = SOURCE_ROOT; };
/* End PBXFileReference section */

/* Begin PBXFrameworksBuildPhase section */
		9669DC5527D5565000DE5FAB /* Frameworks */ = {
			isa = PBXFrameworksBuildPhase;
			buildActionMask = 2147483647;
			files = (
			);
			runOnlyForDeploymentPostprocessing = 0;
		};
/* End PBXFrameworksBuildPhase section */

/* Begin PBXGroup section */
		9669DC4F27D5565000DE5FAB = {
			isa = PBXGroup;
			children = (
				9669DC5A27D5565000DE5FAB /* sm_osx */,
				9669DC5927D5565000DE5FAB /* Products */,
			);
			sourceTree = "<group>";
		};
		9669DC5927D5565000DE5FAB /* Products */ = {
			isa = PBXGroup;
			children = (
				9669DC5827D5565000DE5FAB /* sm_osx.app */,
			);
			name = Products;
			sourceTree = "<group>";
		};
		9669DC5A27D5565000DE5FAB /* sm_osx */ = {
			isa = PBXGroup;
			children = (
				96DE71D427EB9C7D0090E7A0 /* sm-osx-Info.plist */,
				9669DC5B27D5565000DE5FAB /* sm_osxApp.swift */,
				9669DC5F27D5565100DE5FAB /* Assets.xcassets */,
				9669DC6427D5565100DE5FAB /* sm_osx.entitlements */,
				9669DC6127D5565100DE5FAB /* Preview Content */,
				9669DC6A27D5581F00DE5FAB /* Repos.swift */,
				9669DC6C27D55CD200DE5FAB /* Patches.swift */,
				9669DC6E27D55D5300DE5FAB /* PatchesView.swift */,
				960D46F527D6850D0056E393 /* BuildingSteps.swift */,
				9669DC7027D55F4700DE5FAB /* RomView.swift */,
				96CF3D4127DBD8C7008A26F5 /* CompilationSpeed.swift */,
				96BB22E227E274F700057915 /* RepoView.swift */,
				96DE71D227EB9C170090E7A0 /* SettingsView.swift */,
				963F238227F8B211004E010E /* LauncherView.swift */,
				963F238427F8B942004E010E /* DataStore.xcdatamodeld */,
				963F238727F8BA01004E010E /* DataController.swift */,
				96BEADAD2839986200FF72E3 /* CompilationView.swift */,
				96BDA2F2283D216500A4DFF3 /* General View.swift */,
				96BDA2F4283D221700A4DFF3 /* DeveloperView.swift */,
				96BDA2F6283D283200A4DFF3 /* CrashView.swift */,
				96BDA2F8283D29E300A4DFF3 /* LogView.swift */,
				96C54E6C285930D7003B4A2D /* GlobalFunctions.swift */,
				96AC85B0286670B800CCFF58 /* MenuBarCommands.swift */,
				960A559629B29DC600F5CC37 /* PlayHover.swift */,
				960A559829B2A50100F5CC37 /* LauncherEditView.swift */,
				96A3D83929B52328007AF78A /* ImagePicker.swift */,
			);
			path = sm_osx;
			sourceTree = "<group>";
		};
		9669DC6127D5565100DE5FAB /* Preview Content */ = {
			isa = PBXGroup;
			children = (
				9669DC6227D5565100DE5FAB /* Preview Assets.xcassets */,
			);
			path = "Preview Content";
			sourceTree = "<group>";
		};
/* End PBXGroup section */

/* Begin PBXNativeTarget section */
		9669DC5727D5565000DE5FAB /* sm_osx */ = {
			isa = PBXNativeTarget;
			buildConfigurationList = 9669DC6727D5565100DE5FAB /* Build configuration list for PBXNativeTarget "sm_osx" */;
			buildPhases = (
				9669DC5427D5565000DE5FAB /* Sources */,
				9669DC5527D5565000DE5FAB /* Frameworks */,
				9669DC5627D5565000DE5FAB /* Resources */,
			);
			buildRules = (
			);
			dependencies = (
			);
			name = sm_osx;
			packageProductDependencies = (
			);
			productName = sm_osx;
			productReference = 9669DC5827D5565000DE5FAB /* sm_osx.app */;
			productType = "com.apple.product-type.application";
		};
/* End PBXNativeTarget section */

/* Begin PBXProject section */
		9669DC5027D5565000DE5FAB /* Project object */ = {
			isa = PBXProject;
			attributes = {
				BuildIndependentTargetsInParallel = 1;
				LastSwiftUpdateCheck = 1330;
				LastUpgradeCheck = 1400;
				TargetAttributes = {
					9669DC5727D5565000DE5FAB = {
						CreatedOnToolsVersion = 13.2.1;
					};
				};
			};
			buildConfigurationList = 9669DC5327D5565000DE5FAB /* Build configuration list for PBXProject "sm_osx" */;
			compatibilityVersion = "Xcode 13.0";
			developmentRegion = en;
			hasScannedForEncodings = 0;
			knownRegions = (
				en,
				Base,
			);
			mainGroup = 9669DC4F27D5565000DE5FAB;
			packageReferences = (
			);
			productRefGroup = 9669DC5927D5565000DE5FAB /* Products */;
			projectDirPath = "";
			projectRoot = "";
			targets = (
				9669DC5727D5565000DE5FAB /* sm_osx */,
			);
		};
/* End PBXProject section */

/* Begin PBXResourcesBuildPhase section */
		9669DC5627D5565000DE5FAB /* Resources */ = {
			isa = PBXResourcesBuildPhase;
			buildActionMask = 2147483647;
			files = (
				9669DC6327D5565100DE5FAB /* Preview Assets.xcassets in Resources */,
				9669DC6027D5565100DE5FAB /* Assets.xcassets in Resources */,
			);
			runOnlyForDeploymentPostprocessing = 0;
		};
/* End PBXResourcesBuildPhase section */

/* Begin PBXSourcesBuildPhase section */
		9669DC5427D5565000DE5FAB /* Sources */ = {
			isa = PBXSourcesBuildPhase;
			buildActionMask = 2147483647;
			files = (
				96AC85B1286670B800CCFF58 /* MenuBarCommands.swift in Sources */,
				9669DC6D27D55CD200DE5FAB /* Patches.swift in Sources */,
				963F238827F8BA01004E010E /* DataController.swift in Sources */,
				963F238627F8B942004E010E /* DataStore.xcdatamodeld in Sources */,
				96BEADAE2839986200FF72E3 /* CompilationView.swift in Sources */,
				96CF3D4227DBD8C7008A26F5 /* CompilationSpeed.swift in Sources */,
				963F238327F8B211004E010E /* LauncherView.swift in Sources */,
				96A3D83A29B52328007AF78A /* ImagePicker.swift in Sources */,
				96BDA2F9283D29E300A4DFF3 /* LogView.swift in Sources */,
				9669DC7127D55F4700DE5FAB /* RomView.swift in Sources */,
				96BDA2F3283D216500A4DFF3 /* General View.swift in Sources */,
				96DE71D327EB9C170090E7A0 /* SettingsView.swift in Sources */,
				96C54E6D285930D7003B4A2D /* GlobalFunctions.swift in Sources */,
				960D46F627D6850D0056E393 /* BuildingSteps.swift in Sources */,
				960A559729B29DC600F5CC37 /* PlayHover.swift in Sources */,
				96BDA2F7283D283200A4DFF3 /* CrashView.swift in Sources */,
				960A559929B2A50100F5CC37 /* LauncherEditView.swift in Sources */,
				9669DC6F27D55D5300DE5FAB /* PatchesView.swift in Sources */,
				9669DC6B27D5581F00DE5FAB /* Repos.swift in Sources */,
				96BB22E327E274F700057915 /* RepoView.swift in Sources */,
				9669DC5C27D5565000DE5FAB /* sm_osxApp.swift in Sources */,
				96BDA2F5283D221700A4DFF3 /* DeveloperView.swift in Sources */,
			);
			runOnlyForDeploymentPostprocessing = 0;
		};
/* End PBXSourcesBuildPhase section */

/* Begin XCBuildConfiguration section */
		9669DC6527D5565100DE5FAB /* Debug */ = {
			isa = XCBuildConfiguration;
			buildSettings = {
				ALWAYS_SEARCH_USER_PATHS = NO;
				CLANG_ANALYZER_NONNULL = YES;
				CLANG_ANALYZER_NUMBER_OBJECT_CONVERSION = YES_AGGRESSIVE;
				CLANG_CXX_LANGUAGE_STANDARD = "gnu++17";
				CLANG_CXX_LIBRARY = "libc++";
				CLANG_ENABLE_MODULES = YES;
				CLANG_ENABLE_OBJC_ARC = YES;
				CLANG_ENABLE_OBJC_WEAK = YES;
				CLANG_WARN_BLOCK_CAPTURE_AUTORELEASING = YES;
				CLANG_WARN_BOOL_CONVERSION = YES;
				CLANG_WARN_COMMA = YES;
				CLANG_WARN_CONSTANT_CONVERSION = YES;
				CLANG_WARN_DEPRECATED_OBJC_IMPLEMENTATIONS = YES;
				CLANG_WARN_DIRECT_OBJC_ISA_USAGE = YES_ERROR;
				CLANG_WARN_DOCUMENTATION_COMMENTS = YES;
				CLANG_WARN_EMPTY_BODY = YES;
				CLANG_WARN_ENUM_CONVERSION = YES;
				CLANG_WARN_INFINITE_RECURSION = YES;
				CLANG_WARN_INT_CONVERSION = YES;
				CLANG_WARN_NON_LITERAL_NULL_CONVERSION = YES;
				CLANG_WARN_OBJC_IMPLICIT_RETAIN_SELF = YES;
				CLANG_WARN_OBJC_LITERAL_CONVERSION = YES;
				CLANG_WARN_OBJC_ROOT_CLASS = YES_ERROR;
				CLANG_WARN_QUOTED_INCLUDE_IN_FRAMEWORK_HEADER = YES;
				CLANG_WARN_RANGE_LOOP_ANALYSIS = YES;
				CLANG_WARN_STRICT_PROTOTYPES = YES;
				CLANG_WARN_SUSPICIOUS_MOVE = YES;
				CLANG_WARN_UNGUARDED_AVAILABILITY = YES_AGGRESSIVE;
				CLANG_WARN_UNREACHABLE_CODE = YES;
				CLANG_WARN__DUPLICATE_METHOD_MATCH = YES;
				COPY_PHASE_STRIP = NO;
				DEBUG_INFORMATION_FORMAT = dwarf;
				ENABLE_STRICT_OBJC_MSGSEND = YES;
				ENABLE_TESTABILITY = YES;
				GCC_C_LANGUAGE_STANDARD = gnu11;
				GCC_DYNAMIC_NO_PIC = NO;
				GCC_NO_COMMON_BLOCKS = YES;
				GCC_OPTIMIZATION_LEVEL = 0;
				GCC_PREPROCESSOR_DEFINITIONS = (
					"DEBUG=1",
					"$(inherited)",
				);
				GCC_WARN_64_TO_32_BIT_CONVERSION = YES;
				GCC_WARN_ABOUT_RETURN_TYPE = YES_ERROR;
				GCC_WARN_UNDECLARED_SELECTOR = YES;
				GCC_WARN_UNINITIALIZED_AUTOS = YES_AGGRESSIVE;
				GCC_WARN_UNUSED_FUNCTION = YES;
				GCC_WARN_UNUSED_VARIABLE = YES;
				INFOPLIST_KEY_UILaunchScreen_Generation = NO;
				INFOPLIST_KEY_UIStatusBarHidden = NO;
				MACOSX_DEPLOYMENT_TARGET = 12.1;
				MTL_ENABLE_DEBUG_INFO = INCLUDE_SOURCE;
				MTL_FAST_MATH = YES;
				ONLY_ACTIVE_ARCH = YES;
				SDKROOT = macosx;
				SWIFT_ACTIVE_COMPILATION_CONDITIONS = DEBUG;
				SWIFT_OPTIMIZATION_LEVEL = "-Onone";
			};
			name = Debug;
		};
		9669DC6627D5565100DE5FAB /* Release */ = {
			isa = XCBuildConfiguration;
			buildSettings = {
				ALWAYS_SEARCH_USER_PATHS = NO;
				CLANG_ANALYZER_NONNULL = YES;
				CLANG_ANALYZER_NUMBER_OBJECT_CONVERSION = YES_AGGRESSIVE;
				CLANG_CXX_LANGUAGE_STANDARD = "gnu++17";
				CLANG_CXX_LIBRARY = "libc++";
				CLANG_ENABLE_MODULES = YES;
				CLANG_ENABLE_OBJC_ARC = YES;
				CLANG_ENABLE_OBJC_WEAK = YES;
				CLANG_WARN_BLOCK_CAPTURE_AUTORELEASING = YES;
				CLANG_WARN_BOOL_CONVERSION = YES;
				CLANG_WARN_COMMA = YES;
				CLANG_WARN_CONSTANT_CONVERSION = YES;
				CLANG_WARN_DEPRECATED_OBJC_IMPLEMENTATIONS = YES;
				CLANG_WARN_DIRECT_OBJC_ISA_USAGE = YES_ERROR;
				CLANG_WARN_DOCUMENTATION_COMMENTS = YES;
				CLANG_WARN_EMPTY_BODY = YES;
				CLANG_WARN_ENUM_CONVERSION = YES;
				CLANG_WARN_INFINITE_RECURSION = YES;
				CLANG_WARN_INT_CONVERSION = YES;
				CLANG_WARN_NON_LITERAL_NULL_CONVERSION = YES;
				CLANG_WARN_OBJC_IMPLICIT_RETAIN_SELF = YES;
				CLANG_WARN_OBJC_LITERAL_CONVERSION = YES;
				CLANG_WARN_OBJC_ROOT_CLASS = YES_ERROR;
				CLANG_WARN_QUOTED_INCLUDE_IN_FRAMEWORK_HEADER = YES;
				CLANG_WARN_RANGE_LOOP_ANALYSIS = YES;
				CLANG_WARN_STRICT_PROTOTYPES = YES;
				CLANG_WARN_SUSPICIOUS_MOVE = YES;
				CLANG_WARN_UNGUARDED_AVAILABILITY = YES_AGGRESSIVE;
				CLANG_WARN_UNREACHABLE_CODE = YES;
				CLANG_WARN__DUPLICATE_METHOD_MATCH = YES;
				COPY_PHASE_STRIP = NO;
				DEBUG_INFORMATION_FORMAT = "dwarf-with-dsym";
				ENABLE_NS_ASSERTIONS = NO;
				ENABLE_STRICT_OBJC_MSGSEND = YES;
				GCC_C_LANGUAGE_STANDARD = gnu11;
				GCC_NO_COMMON_BLOCKS = YES;
				GCC_WARN_64_TO_32_BIT_CONVERSION = YES;
				GCC_WARN_ABOUT_RETURN_TYPE = YES_ERROR;
				GCC_WARN_UNDECLARED_SELECTOR = YES;
				GCC_WARN_UNINITIALIZED_AUTOS = YES_AGGRESSIVE;
				GCC_WARN_UNUSED_FUNCTION = YES;
				GCC_WARN_UNUSED_VARIABLE = YES;
				INFOPLIST_KEY_UILaunchScreen_Generation = NO;
				INFOPLIST_KEY_UIStatusBarHidden = NO;
				MACOSX_DEPLOYMENT_TARGET = 12.1;
				MTL_ENABLE_DEBUG_INFO = NO;
				MTL_FAST_MATH = YES;
				SDKROOT = macosx;
				SWIFT_COMPILATION_MODE = wholemodule;
				SWIFT_OPTIMIZATION_LEVEL = "-O";
			};
			name = Release;
		};
		9669DC6827D5565100DE5FAB /* Debug */ = {
			isa = XCBuildConfiguration;
			buildSettings = {
				ASSETCATALOG_COMPILER_APPICON_NAME = AppIcon;
				ASSETCATALOG_COMPILER_GLOBAL_ACCENT_COLOR_NAME = AccentColor;
				CODE_SIGN_ENTITLEMENTS = sm_osx/sm_osx.entitlements;
				CODE_SIGN_IDENTITY = "Apple Development";
				CODE_SIGN_STYLE = Automatic;
				COMBINE_HIDPI_IMAGES = YES;
				CURRENT_PROJECT_VERSION = 1;
				DEVELOPMENT_ASSET_PATHS = "\"sm_osx/Preview Content\"";
				DEVELOPMENT_TEAM = 25RK3JMVLT;
				ENABLE_HARDENED_RUNTIME = NO;
				ENABLE_PREVIEWS = YES;
				GENERATE_INFOPLIST_FILE = YES;
				INFOPLIST_FILE = "sm-osx-Info.plist";
				INFOPLIST_KEY_LSApplicationCategoryType = "public.app-category.utilities";
				INFOPLIST_KEY_NSHumanReadableCopyright = "";
				INFOPLIST_KEY_UIStatusBarHidden = NO;
				LD_RUNPATH_SEARCH_PATHS = (
					"$(inherited)",
					"@executable_path/../Frameworks",
				);
				MARKETING_VERSION = 1.2.5;
				ONLY_ACTIVE_ARCH = NO;
				PRODUCT_BUNDLE_IDENTIFIER = "com.CubingStudios.sm-osx";
				PRODUCT_NAME = "$(TARGET_NAME)";
				SWIFT_EMIT_LOC_STRINGS = YES;
				SWIFT_VERSION = 5.0;
			};
			name = Debug;
		};
		9669DC6927D5565100DE5FAB /* Release */ = {
			isa = XCBuildConfiguration;
			buildSettings = {
				ASSETCATALOG_COMPILER_APPICON_NAME = AppIcon;
				ASSETCATALOG_COMPILER_GLOBAL_ACCENT_COLOR_NAME = AccentColor;
				CODE_SIGN_ENTITLEMENTS = sm_osx/sm_osx.entitlements;
				CODE_SIGN_IDENTITY = "Apple Development";
				CODE_SIGN_STYLE = Automatic;
				COMBINE_HIDPI_IMAGES = YES;
				CURRENT_PROJECT_VERSION = 1;
				DEVELOPMENT_ASSET_PATHS = "\"sm_osx/Preview Content\"";
				DEVELOPMENT_TEAM = 25RK3JMVLT;
				ENABLE_HARDENED_RUNTIME = NO;
				ENABLE_PREVIEWS = YES;
				GENERATE_INFOPLIST_FILE = YES;
				INFOPLIST_FILE = "sm-osx-Info.plist";
				INFOPLIST_KEY_LSApplicationCategoryType = "public.app-category.utilities";
				INFOPLIST_KEY_NSHumanReadableCopyright = "";
				INFOPLIST_KEY_UIStatusBarHidden = NO;
				LD_RUNPATH_SEARCH_PATHS = (
					"$(inherited)",
					"@executable_path/../Frameworks",
				);
				MARKETING_VERSION = 1.2.5;
				ONLY_ACTIVE_ARCH = NO;
				PRODUCT_BUNDLE_IDENTIFIER = "com.CubingStudios.sm-osx";
				PRODUCT_NAME = "$(TARGET_NAME)";
				SWIFT_EMIT_LOC_STRINGS = YES;
				SWIFT_VERSION = 5.0;
			};
			name = Release;
		};
/* End XCBuildConfiguration section */

/* Begin XCConfigurationList section */
		9669DC5327D5565000DE5FAB /* Build configuration list for PBXProject "sm_osx" */ = {
			isa = XCConfigurationList;
			buildConfigurations = (
				9669DC6527D5565100DE5FAB /* Debug */,
				9669DC6627D5565100DE5FAB /* Release */,
			);
			defaultConfigurationIsVisible = 0;
			defaultConfigurationName = Release;
		};
		9669DC6727D5565100DE5FAB /* Build configuration list for PBXNativeTarget "sm_osx" */ = {
			isa = XCConfigurationList;
			buildConfigurations = (
				9669DC6827D5565100DE5FAB /* Debug */,
				9669DC6927D5565100DE5FAB /* Release */,
			);
			defaultConfigurationIsVisible = 0;
			defaultConfigurationName = Release;
		};
/* End XCConfigurationList section */

/* Begin XCVersionGroup section */
		963F238427F8B942004E010E /* DataStore.xcdatamodeld */ = {
			isa = XCVersionGroup;
			children = (
				963F238527F8B942004E010E /* DataStore.xcdatamodel */,
			);
			currentVersion = 963F238527F8B942004E010E /* DataStore.xcdatamodel */;
			path = DataStore.xcdatamodeld;
			sourceTree = "<group>";
			versionGroupType = wrapper.xcdatamodel;
		};
/* End XCVersionGroup section */
	};
	rootObject = 9669DC5027D5565000DE5FAB /* Project object */;
}
